<Solution>
  <Folder Name="/src/">
    <Project Path="src/Soenneker.Flywheel.Communication/Soenneker.Flywheel.Communication.csproj" />
    <Project Path="src/Soenneker.Flywheel.Core/Soenneker.Flywheel.Core.csproj" />
    <Project Path="src/Soenneker.Flywheel.Dashboard/Soenneker.Flywheel.Dashboard.csproj" />
    <Project Path="src/Soenneker.Flywheel.Generators/Soenneker.Flywheel.Generators.csproj" />
    <Project Path="src/Soenneker.Flywheel.Redis/Soenneker.Flywheel.Redis.csproj" />
  </Folder>
  <Folder Name="/test/">
    <Project Path="test/Soenneker.Flywheel.Core.Tests/Soenneker.Flywheel.Core.Tests.csproj" />
    <Project Path="test/Soenneker.Flywheel.Dashboard.Tests/Soenneker.Flywheel.Dashboard.Tests.csproj" />
    <Project Path="test/Soenneker.Flywheel.Generators.Tests/Soenneker.Flywheel.Generators.Tests.csproj" />
    <Project Path="test/Soenneker.Flywheel.Redis.Performance/Soenneker.Flywheel.Redis.Performance.csproj" />
    <Project Path="test/Soenneker.Flywheel.Redis.Tests/Soenneker.Flywheel.Redis.Tests.csproj" />
  </Folder>
  <Folder Name="/demo/">
    <Project Path="demo/Soenneker.Flywheel.Dashboard.Demo/Soenneker.Flywheel.Dashboard.Demo.csproj" />
    <Project Path="demo/Soenneker.Flywheel.Demo/Soenneker.Flywheel.Demo.csproj" />
  </Folder>
  <Folder Name="/website/">
    <Project Path="website/Soenneker.Flywheel.Website/Soenneker.Flywheel.Website.csproj" />
  </Folder>
</Solution>
